
Microsoft Visual Studio Solution File, Format Version 12.00
# Visual Studio Version 17
VisualStudioVersion = 17.4.33213.308
MinimumVisualStudioVersion = 10.0.40219.1
Project("{9A19103F-16F7-4668-BE54-9A1E7A4F7556}") = "CoffeeShop.Orm", "CoffeeShop.Orm\CoffeeShop.Orm.csproj", "{C1C25490-5608-4808-9994-2153A92DC7B4}"
EndProject
Project("{9A19103F-16F7-4668-BE54-9A1E7A4F7556}") = "CoffeeShop.Model", "..\CoffeeShop.Model\CoffeeShop.Model\CoffeeShop.Model.csproj", "{95EE56F7-21B7-489C-A898-6984635DFF99}"
EndProject
Project("{9A19103F-16F7-4668-BE54-9A1E7A4F7556}") = "CoffeeShop.Win", "..\CoffeeShop.Win\CoffeeShop.Win\CoffeeShop.Win.csproj", "{F20E9601-99C1-46A5-AA66-2234815C9067}"
EndProject
Global
	GlobalSection(SolutionConfigurationPlatforms) = preSolution
		Debug|Any CPU = Debug|Any CPU
		Release|Any CPU = Release|Any CPU
	EndGlobalSection
	GlobalSection(ProjectConfigurationPlatforms) = postSolution
		{C1C25490-5608-4808-9994-2153A92DC7B4}.Debug|Any CPU.ActiveCfg = Debug|Any CPU
		{C1C25490-5608-4808-9994-2153A92DC7B4}.Debug|Any CPU.Build.0 = Debug|Any CPU
		{C1C25490-5608-4808-9994-2153A92DC7B4}.Release|Any CPU.ActiveCfg = Release|Any CPU
		{C1C25490-5608-4808-9994-2153A92DC7B4}.Release|Any CPU.Build.0 = Release|Any CPU
		{95EE56F7-21B7-489C-A898-6984635DFF99}.Debug|Any CPU.ActiveCfg = Debug|Any CPU
		{95EE56F7-21B7-489C-A898-6984635DFF99}.Debug|Any CPU.Build.0 = Debug|Any CPU
		{95EE56F7-21B7-489C-A898-6984635DFF99}.Release|Any CPU.ActiveCfg = Release|Any CPU
		{95EE56F7-21B7-489C-A898-6984635DFF99}.Release|Any CPU.Build.0 = Release|Any CPU
		{F20E9601-99C1-46A5-AA66-2234815C9067}.Debug|Any CPU.ActiveCfg = Debug|Any CPU
		{F20E9601-99C1-46A5-AA66-2234815C9067}.Debug|Any CPU.Build.0 = Debug|Any CPU
		{F20E9601-99C1-46A5-AA66-2234815C9067}.Release|Any CPU.ActiveCfg = Release|Any CPU
		{F20E9601-99C1-46A5-AA66-2234815C9067}.Release|Any CPU.Build.0 = Release|Any CPU
	EndGlobalSection
	GlobalSection(SolutionProperties) = preSolution
		HideSolutionNode = FALSE
	EndGlobalSection
	GlobalSection(ExtensibilityGlobals) = postSolution
		SolutionGuid = {31743B07-6810-4A80-9C5B-62897B7AE676}
	EndGlobalSection
EndGlobal
