
Microsoft Visual Studio Solution File, Format Version 12.00
# Visual Studio Version 17
VisualStudioVersion = 17.4.33205.214
MinimumVisualStudioVersion = 10.0.40219.1
Project("{FAE04EC0-301F-11D3-BF4B-00C04F79EFBC}") = "Session-10", "Session-10\Session-10.csproj", "{CA474D17-00CA-4D5B-BC22-F32B6C5468EE}"
EndProject
Global
	GlobalSection(SolutionConfigurationPlatforms) = preSolution
		Debug|Any CPU = Debug|Any CPU
		Release|Any CPU = Release|Any CPU
	EndGlobalSection
	GlobalSection(ProjectConfigurationPlatforms) = postSolution
		{CA474D17-00CA-4D5B-BC22-F32B6C5468EE}.Debug|Any CPU.ActiveCfg = Debug|Any CPU
		{CA474D17-00CA-4D5B-BC22-F32B6C5468EE}.Debug|Any CPU.Build.0 = Debug|Any CPU
		{CA474D17-00CA-4D5B-BC22-F32B6C5468EE}.Release|Any CPU.ActiveCfg = Release|Any CPU
		{CA474D17-00CA-4D5B-BC22-F32B6C5468EE}.Release|Any CPU.Build.0 = Release|Any CPU
	EndGlobalSection
	GlobalSection(SolutionProperties) = preSolution
		HideSolutionNode = FALSE
	EndGlobalSection
	GlobalSection(ExtensibilityGlobals) = postSolution
		SolutionGuid = {1F0A0187-2602-41F5-BA26-86FE54B950D7}
	EndGlobalSection
EndGlobal
