
Microsoft Visual Studio Solution File, Format Version 12.00
# Visual Studio Version 17
VisualStudioVersion = 17.4.33205.214
MinimumVisualStudioVersion = 10.0.40219.1
Project("{FAE04EC0-301F-11D3-BF4B-00C04F79EFBC}") = "NewSession-10", "NewSession-10\NewSession-10.csproj", "{3D2F1282-2C9E-4CB5-BD4E-1A1309697CEB}"
EndProject
Global
	GlobalSection(SolutionConfigurationPlatforms) = preSolution
		Debug|Any CPU = Debug|Any CPU
		Release|Any CPU = Release|Any CPU
	EndGlobalSection
	GlobalSection(ProjectConfigurationPlatforms) = postSolution
		{3D2F1282-2C9E-4CB5-BD4E-1A1309697CEB}.Debug|Any CPU.ActiveCfg = Debug|Any CPU
		{3D2F1282-2C9E-4CB5-BD4E-1A1309697CEB}.Debug|Any CPU.Build.0 = Debug|Any CPU
		{3D2F1282-2C9E-4CB5-BD4E-1A1309697CEB}.Release|Any CPU.ActiveCfg = Release|Any CPU
		{3D2F1282-2C9E-4CB5-BD4E-1A1309697CEB}.Release|Any CPU.Build.0 = Release|Any CPU
	EndGlobalSection
	GlobalSection(SolutionProperties) = preSolution
		HideSolutionNode = FALSE
	EndGlobalSection
	GlobalSection(ExtensibilityGlobals) = postSolution
		SolutionGuid = {4CA7060B-305F-4471-AB99-5D3A9E5C552A}
	EndGlobalSection
EndGlobal
