
Microsoft Visual Studio Solution File, Format Version 12.00
# Visual Studio Version 17
VisualStudioVersion = 17.4.33205.214
MinimumVisualStudioVersion = 10.0.40219.1
Project("{FAE04EC0-301F-11D3-BF4B-00C04F79EFBC}") = "Session-06", "Session-06\Session-06.csproj", "{4EAD2654-A6B3-46B6-8AD9-51B496162DCD}"
EndProject
Global
	GlobalSection(SolutionConfigurationPlatforms) = preSolution
		Debug|Any CPU = Debug|Any CPU
		Release|Any CPU = Release|Any CPU
	EndGlobalSection
	GlobalSection(ProjectConfigurationPlatforms) = postSolution
		{4EAD2654-A6B3-46B6-8AD9-51B496162DCD}.Debug|Any CPU.ActiveCfg = Debug|Any CPU
		{4EAD2654-A6B3-46B6-8AD9-51B496162DCD}.Debug|Any CPU.Build.0 = Debug|Any CPU
		{4EAD2654-A6B3-46B6-8AD9-51B496162DCD}.Release|Any CPU.ActiveCfg = Release|Any CPU
		{4EAD2654-A6B3-46B6-8AD9-51B496162DCD}.Release|Any CPU.Build.0 = Release|Any CPU
	EndGlobalSection
	GlobalSection(SolutionProperties) = preSolution
		HideSolutionNode = FALSE
	EndGlobalSection
	GlobalSection(ExtensibilityGlobals) = postSolution
		SolutionGuid = {8C8C64DC-22CB-4FC9-BCFC-AFDA5BFB9666}
	EndGlobalSection
EndGlobal
