
Microsoft Visual Studio Solution File, Format Version 12.00
# Visual Studio Version 17
VisualStudioVersion = 17.4.33205.214
MinimumVisualStudioVersion = 10.0.40219.1
Project("{FAE04EC0-301F-11D3-BF4B-00C04F79EFBC}") = "Session-03", "Session-03\Session-03.csproj", "{167E0EAB-849A-492D-9992-7254A8A963DD}"
EndProject
Global
	GlobalSection(SolutionConfigurationPlatforms) = preSolution
		Debug|Any CPU = Debug|Any CPU
		Release|Any CPU = Release|Any CPU
	EndGlobalSection
	GlobalSection(ProjectConfigurationPlatforms) = postSolution
		{167E0EAB-849A-492D-9992-7254A8A963DD}.Debug|Any CPU.ActiveCfg = Debug|Any CPU
		{167E0EAB-849A-492D-9992-7254A8A963DD}.Debug|Any CPU.Build.0 = Debug|Any CPU
		{167E0EAB-849A-492D-9992-7254A8A963DD}.Release|Any CPU.ActiveCfg = Release|Any CPU
		{167E0EAB-849A-492D-9992-7254A8A963DD}.Release|Any CPU.Build.0 = Release|Any CPU
	EndGlobalSection
	GlobalSection(SolutionProperties) = preSolution
		HideSolutionNode = FALSE
	EndGlobalSection
	GlobalSection(ExtensibilityGlobals) = postSolution
		SolutionGuid = {67BF5D02-BA4A-4E05-AC78-13F149F8C1AB}
	EndGlobalSection
EndGlobal
