
Microsoft Visual Studio Solution File, Format Version 12.00
# Visual Studio Version 17
VisualStudioVersion = 17.4.33205.214
MinimumVisualStudioVersion = 10.0.40219.1
Project("{FAE04EC0-301F-11D3-BF4B-00C04F79EFBC}") = "Session-09", "Session-09\Session-09.csproj", "{A040D99F-4353-4D16-8D24-D0C9169AA9D4}"
EndProject
Global
	GlobalSection(SolutionConfigurationPlatforms) = preSolution
		Debug|Any CPU = Debug|Any CPU
		Release|Any CPU = Release|Any CPU
	EndGlobalSection
	GlobalSection(ProjectConfigurationPlatforms) = postSolution
		{A040D99F-4353-4D16-8D24-D0C9169AA9D4}.Debug|Any CPU.ActiveCfg = Debug|Any CPU
		{A040D99F-4353-4D16-8D24-D0C9169AA9D4}.Debug|Any CPU.Build.0 = Debug|Any CPU
		{A040D99F-4353-4D16-8D24-D0C9169AA9D4}.Release|Any CPU.ActiveCfg = Release|Any CPU
		{A040D99F-4353-4D16-8D24-D0C9169AA9D4}.Release|Any CPU.Build.0 = Release|Any CPU
	EndGlobalSection
	GlobalSection(SolutionProperties) = preSolution
		HideSolutionNode = FALSE
	EndGlobalSection
	GlobalSection(ExtensibilityGlobals) = postSolution
		SolutionGuid = {52A7A390-2153-4AA0-9DCF-CD07DE0F114A}
	EndGlobalSection
EndGlobal
