
Microsoft Visual Studio Solution File, Format Version 12.00
# Visual Studio Version 17
VisualStudioVersion = 17.4.33213.308
MinimumVisualStudioVersion = 10.0.40219.1
Project("{FAE04EC0-301F-11D3-BF4B-00C04F79EFBC}") = "FuelStation", "FuelStation\FuelStation.csproj", "{8E86519F-6D9A-4BC9-9412-13E7754C6DA4}"
EndProject
Global
	GlobalSection(SolutionConfigurationPlatforms) = preSolution
		Debug|Any CPU = Debug|Any CPU
		Release|Any CPU = Release|Any CPU
	EndGlobalSection
	GlobalSection(ProjectConfigurationPlatforms) = postSolution
		{8E86519F-6D9A-4BC9-9412-13E7754C6DA4}.Debug|Any CPU.ActiveCfg = Debug|Any CPU
		{8E86519F-6D9A-4BC9-9412-13E7754C6DA4}.Debug|Any CPU.Build.0 = Debug|Any CPU
		{8E86519F-6D9A-4BC9-9412-13E7754C6DA4}.Release|Any CPU.ActiveCfg = Release|Any CPU
		{8E86519F-6D9A-4BC9-9412-13E7754C6DA4}.Release|Any CPU.Build.0 = Release|Any CPU
	EndGlobalSection
	GlobalSection(SolutionProperties) = preSolution
		HideSolutionNode = FALSE
	EndGlobalSection
	GlobalSection(ExtensibilityGlobals) = postSolution
		SolutionGuid = {62DC1E87-E5A9-4AC5-B813-52A89BABB402}
	EndGlobalSection
EndGlobal
